
Microsoft Visual Studio Solution File, Format Version 12.00
# Visual Studio Version 16
VisualStudioVersion = 16.0.31105.61
MinimumVisualStudioVersion = 10.0.40219.1
Project("{9A19103F-16F7-4668-BE54-9A1E7A4F7556}") = "MultiThreadProgram", "MultiThreadProgram\MultiThreadProgram.csproj", "{CAAAC7B5-827C-44CE-BDA7-F85969AEF6A8}"
EndProject
Project("{FAE04EC0-301F-11D3-BF4B-00C04F79EFBC}") = "ConsoleApp2", "ConsoleApp2\ConsoleApp2.csproj", "{66658150-48D8-4220-A8FA-9177662E4AC4}"
EndProject
Global
	GlobalSection(SolutionConfigurationPlatforms) = preSolution
		Debug|Any CPU = Debug|Any CPU
		Release|Any CPU = Release|Any CPU
	EndGlobalSection
	GlobalSection(ProjectConfigurationPlatforms) = postSolution
		{CAAAC7B5-827C-44CE-BDA7-F85969AEF6A8}.Debug|Any CPU.ActiveCfg = Debug|Any CPU
		{CAAAC7B5-827C-44CE-BDA7-F85969AEF6A8}.Debug|Any CPU.Build.0 = Debug|Any CPU
		{CAAAC7B5-827C-44CE-BDA7-F85969AEF6A8}.Release|Any CPU.ActiveCfg = Release|Any CPU
		{CAAAC7B5-827C-44CE-BDA7-F85969AEF6A8}.Release|Any CPU.Build.0 = Release|Any CPU
		{66658150-48D8-4220-A8FA-9177662E4AC4}.Debug|Any CPU.ActiveCfg = Debug|Any CPU
		{66658150-48D8-4220-A8FA-9177662E4AC4}.Debug|Any CPU.Build.0 = Debug|Any CPU
		{66658150-48D8-4220-A8FA-9177662E4AC4}.Release|Any CPU.ActiveCfg = Release|Any CPU
		{66658150-48D8-4220-A8FA-9177662E4AC4}.Release|Any CPU.Build.0 = Release|Any CPU
	EndGlobalSection
	GlobalSection(SolutionProperties) = preSolution
		HideSolutionNode = FALSE
	EndGlobalSection
	GlobalSection(ExtensibilityGlobals) = postSolution
		SolutionGuid = {09D08F2D-E3E4-46B9-A43E-D0DBF49EDC19}
	EndGlobalSection
EndGlobal
